Microsoft Visual Studio Solution File, Format Version 12.00
# Visual Studio Version 17
VisualStudioVersion = 17.5.2.0
MinimumVisualStudioVersion = 10.0.40219.1
Project("{FAE04EC0-301F-11D3-BF4B-00C04F79EFBC}") = "industri", "industri.csproj", "{27A0A004-9319-4BAE-7BA3-43E72C473562}"
EndProject
Global
	GlobalSection(SolutionConfigurationPlatforms) = preSolution
		Debug|Any CPU = Debug|Any CPU
		Release|Any CPU = Release|Any CPU
	EndGlobalSection
	GlobalSection(ProjectConfigurationPlatforms) = postSolution
		{27A0A004-9319-4BAE-7BA3-43E72C473562}.Debug|Any CPU.ActiveCfg = Debug|Any CPU
		{27A0A004-9319-4BAE-7BA3-43E72C473562}.Debug|Any CPU.Build.0 = Debug|Any CPU
		{27A0A004-9319-4BAE-7BA3-43E72C473562}.Release|Any CPU.ActiveCfg = Release|Any CPU
		{27A0A004-9319-4BAE-7BA3-43E72C473562}.Release|Any CPU.Build.0 = Release|Any CPU
	EndGlobalSection
	GlobalSection(SolutionProperties) = preSolution
		HideSolutionNode = FALSE
	EndGlobalSection
	GlobalSection(ExtensibilityGlobals) = postSolution
		SolutionGuid = {715740C0-F247-447F-82C0-2B89F561DDCB}
	EndGlobalSection
EndGlobal
